schema: '2.0'
stages:
  data_ingestion:
    cmd: python src/data/data_ingestion.py
    deps:
    - path: src/data/data_ingestion.py
      hash: md5
      md5: 84280e0e1166088ecb4956fe11365991
      size: 4305
    params:
      params.yaml:
        data_ingestion.test_size: 0.25
    outs:
    - path: data/raw
      hash: md5
      md5: 49d68ac9e22c6088d4afd89da38f5c38.dir
      size: 6919701
      nfiles: 2
  data_preprocessing:
    cmd: python src/data/data_preprocessing.py
    deps:
    - path: data/raw/test.csv
      hash: md5
      md5: 2e81d6eb492d93987768f731e904781c
      size: 1680931
    - path: data/raw/train.csv
      hash: md5
      md5: 18b3faba324bc010ea34ff2d9244645f
      size: 5238770
    - path: src/data/data_preprocessing.py
      hash: md5
      md5: 4396590f8b2c88ad9121acb05bc9d034
      size: 3860
    outs:
    - path: data/interim
      hash: md5
      md5: 056a565b1ab539e7c535709c3d4b5e92.dir
      size: 5134850
      nfiles: 2
